
Microsoft Visual Studio Solution File, Format Version 12.00
# Visual Studio 15
VisualStudioVersion = 15.0.28307.572
MinimumVisualStudioVersion = 10.0.40219.1
Project("{FAE04EC0-301F-11D3-BF4B-00C04F79EFBC}") = "cSharpMarkingMenu", "cSharpMarkingMenu\cSharpMarkingMenu.csproj", "{A2B035F2-EE83-49AB-83FB-02F4BA2C1ABD}"
EndProject
Global
	GlobalSection(SolutionConfigurationPlatforms) = preSolution
		Debug|Any CPU = Debug|Any CPU
		Release|Any CPU = Release|Any CPU
	EndGlobalSection
	GlobalSection(ProjectConfigurationPlatforms) = postSolution
		{A2B035F2-EE83-49AB-83FB-02F4BA2C1ABD}.Debug|Any CPU.ActiveCfg = Debug|Any CPU
		{A2B035F2-EE83-49AB-83FB-02F4BA2C1ABD}.Debug|Any CPU.Build.0 = Debug|Any CPU
		{A2B035F2-EE83-49AB-83FB-02F4BA2C1ABD}.Release|Any CPU.ActiveCfg = Release|Any CPU
		{A2B035F2-EE83-49AB-83FB-02F4BA2C1ABD}.Release|Any CPU.Build.0 = Release|Any CPU
	EndGlobalSection
	GlobalSection(SolutionProperties) = preSolution
		HideSolutionNode = FALSE
	EndGlobalSection
	GlobalSection(ExtensibilityGlobals) = postSolution
		SolutionGuid = {DCD07502-6647-469B-ABD3-AA32F6ED3C39}
	EndGlobalSection
EndGlobal
